
Microsoft Visual Studio Solution File, Format Version 12.00
Project("{FAE04EC0-301F-11D3-BF4B-00C04F79EFBC}") = "QuantumAE.API", "src\QuantumAE.API\QuantumAE.API.csproj", "{C2E3627E-2ABD-46AE-9141-0617A0F76372}"
EndProject
Project("{FAE04EC0-301F-11D3-BF4B-00C04F79EFBC}") = "QuantumAE.CLI", "src\QuantumAE.CLI\QuantumAE.CLI.csproj", "{8332B920-B14B-49EC-92F4-D1C3748F28AF}"
EndProject
Project("{FAE04EC0-301F-11D3-BF4B-00C04F79EFBC}") = "QuantumAE.API.Client", "src\QuantumAE.API.Client\QuantumAE.API.Client.csproj", "{B003BE55-F584-4011-AD12-D6E3A7BC11CA}"
EndProject
Project("{2150E333-8FDC-42A3-9474-1A3956D46DE8}") = "Solution Items", "Solution Items", "{39BEAD0C-26DB-4B24-B33A-60A33518A099}"
	ProjectSection(SolutionItems) = preProject
		Directory.Packages.props = Directory.Packages.props
	EndProjectSection
EndProject
Project("{2150E333-8FDC-42A3-9474-1A3956D46DE8}") = "src", "src", "{2ACCC16E-D072-41D5-B035-E59F384B859B}"
EndProject
Project("{2150E333-8FDC-42A3-9474-1A3956D46DE8}") = "tests", "tests", "{579C2C05-5544-4919-BD42-37ECAF438B2C}"
EndProject
Project("{FAE04EC0-301F-11D3-BF4B-00C04F79EFBC}") = "QuantumAE.API.Test", "tests\QuantumAE.API.Test\QuantumAE.API.Test.csproj", "{E55113D1-B9C4-4247-9212-21E54E43CD71}"
EndProject
Global
	GlobalSection(SolutionConfigurationPlatforms) = preSolution
		Debug|Any CPU = Debug|Any CPU
		Debug|x64 = Debug|x64
		Debug|x86 = Debug|x86
		Release|Any CPU = Release|Any CPU
		Release|x64 = Release|x64
		Release|x86 = Release|x86
	EndGlobalSection
	GlobalSection(ProjectConfigurationPlatforms) = postSolution
		{C2E3627E-2ABD-46AE-9141-0617A0F76372}.Debug|Any CPU.ActiveCfg = Debug|Any CPU
		{C2E3627E-2ABD-46AE-9141-0617A0F76372}.Debug|Any CPU.Build.0 = Debug|Any CPU
		{C2E3627E-2ABD-46AE-9141-0617A0F76372}.Debug|x64.ActiveCfg = Debug|Any CPU
		{C2E3627E-2ABD-46AE-9141-0617A0F76372}.Debug|x64.Build.0 = Debug|Any CPU
		{C2E3627E-2ABD-46AE-9141-0617A0F76372}.Debug|x86.ActiveCfg = Debug|Any CPU
		{C2E3627E-2ABD-46AE-9141-0617A0F76372}.Debug|x86.Build.0 = Debug|Any CPU
		{C2E3627E-2ABD-46AE-9141-0617A0F76372}.Release|Any CPU.ActiveCfg = Release|Any CPU
		{C2E3627E-2ABD-46AE-9141-0617A0F76372}.Release|Any CPU.Build.0 = Release|Any CPU
		{C2E3627E-2ABD-46AE-9141-0617A0F76372}.Release|x64.ActiveCfg = Release|Any CPU
		{C2E3627E-2ABD-46AE-9141-0617A0F76372}.Release|x64.Build.0 = Release|Any CPU
		{C2E3627E-2ABD-46AE-9141-0617A0F76372}.Release|x86.ActiveCfg = Release|Any CPU
		{C2E3627E-2ABD-46AE-9141-0617A0F76372}.Release|x86.Build.0 = Release|Any CPU
		{8332B920-B14B-49EC-92F4-D1C3748F28AF}.Debug|Any CPU.ActiveCfg = Debug|Any CPU
		{8332B920-B14B-49EC-92F4-D1C3748F28AF}.Debug|Any CPU.Build.0 = Debug|Any CPU
		{8332B920-B14B-49EC-92F4-D1C3748F28AF}.Debug|x64.ActiveCfg = Debug|Any CPU
		{8332B920-B14B-49EC-92F4-D1C3748F28AF}.Debug|x64.Build.0 = Debug|Any CPU
		{8332B920-B14B-49EC-92F4-D1C3748F28AF}.Debug|x86.ActiveCfg = Debug|Any CPU
		{8332B920-B14B-49EC-92F4-D1C3748F28AF}.Debug|x86.Build.0 = Debug|Any CPU
		{8332B920-B14B-49EC-92F4-D1C3748F28AF}.Release|Any CPU.ActiveCfg = Release|Any CPU
		{8332B920-B14B-49EC-92F4-D1C3748F28AF}.Release|Any CPU.Build.0 = Release|Any CPU
		{8332B920-B14B-49EC-92F4-D1C3748F28AF}.Release|x64.ActiveCfg = Release|Any CPU
		{8332B920-B14B-49EC-92F4-D1C3748F28AF}.Release|x64.Build.0 = Release|Any CPU
		{8332B920-B14B-49EC-92F4-D1C3748F28AF}.Release|x86.ActiveCfg = Release|Any CPU
		{8332B920-B14B-49EC-92F4-D1C3748F28AF}.Release|x86.Build.0 = Release|Any CPU
		{B003BE55-F584-4011-AD12-D6E3A7BC11CA}.Debug|Any CPU.ActiveCfg = Debug|Any CPU
		{B003BE55-F584-4011-AD12-D6E3A7BC11CA}.Debug|Any CPU.Build.0 = Debug|Any CPU
		{B003BE55-F584-4011-AD12-D6E3A7BC11CA}.Debug|x64.ActiveCfg = Debug|Any CPU
		{B003BE55-F584-4011-AD12-D6E3A7BC11CA}.Debug|x64.Build.0 = Debug|Any CPU
		{B003BE55-F584-4011-AD12-D6E3A7BC11CA}.Debug|x86.ActiveCfg = Debug|Any CPU
		{B003BE55-F584-4011-AD12-D6E3A7BC11CA}.Debug|x86.Build.0 = Debug|Any CPU
		{B003BE55-F584-4011-AD12-D6E3A7BC11CA}.Release|Any CPU.ActiveCfg = Release|Any CPU
		{B003BE55-F584-4011-AD12-D6E3A7BC11CA}.Release|Any CPU.Build.0 = Release|Any CPU
		{B003BE55-F584-4011-AD12-D6E3A7BC11CA}.Release|x64.ActiveCfg = Release|Any CPU
		{B003BE55-F584-4011-AD12-D6E3A7BC11CA}.Release|x64.Build.0 = Release|Any CPU
		{B003BE55-F584-4011-AD12-D6E3A7BC11CA}.Release|x86.ActiveCfg = Release|Any CPU
		{B003BE55-F584-4011-AD12-D6E3A7BC11CA}.Release|x86.Build.0 = Release|Any CPU
		{E55113D1-B9C4-4247-9212-21E54E43CD71}.Debug|Any CPU.ActiveCfg = Debug|Any CPU
		{E55113D1-B9C4-4247-9212-21E54E43CD71}.Debug|Any CPU.Build.0 = Debug|Any CPU
		{E55113D1-B9C4-4247-9212-21E54E43CD71}.Debug|x64.ActiveCfg = Debug|Any CPU
		{E55113D1-B9C4-4247-9212-21E54E43CD71}.Debug|x64.Build.0 = Debug|Any CPU
		{E55113D1-B9C4-4247-9212-21E54E43CD71}.Debug|x86.ActiveCfg = Debug|Any CPU
		{E55113D1-B9C4-4247-9212-21E54E43CD71}.Debug|x86.Build.0 = Debug|Any CPU
		{E55113D1-B9C4-4247-9212-21E54E43CD71}.Release|Any CPU.ActiveCfg = Release|Any CPU
		{E55113D1-B9C4-4247-9212-21E54E43CD71}.Release|Any CPU.Build.0 = Release|Any CPU
		{E55113D1-B9C4-4247-9212-21E54E43CD71}.Release|x64.ActiveCfg = Release|Any CPU
		{E55113D1-B9C4-4247-9212-21E54E43CD71}.Release|x64.Build.0 = Release|Any CPU
		{E55113D1-B9C4-4247-9212-21E54E43CD71}.Release|x86.ActiveCfg = Release|Any CPU
		{E55113D1-B9C4-4247-9212-21E54E43CD71}.Release|x86.Build.0 = Release|Any CPU
	EndGlobalSection
	GlobalSection(SolutionProperties) = preSolution
		HideSolutionNode = FALSE
	EndGlobalSection
	GlobalSection(NestedProjects) = preSolution
		{C2E3627E-2ABD-46AE-9141-0617A0F76372} = {2ACCC16E-D072-41D5-B035-E59F384B859B}
		{8332B920-B14B-49EC-92F4-D1C3748F28AF} = {2ACCC16E-D072-41D5-B035-E59F384B859B}
		{B003BE55-F584-4011-AD12-D6E3A7BC11CA} = {2ACCC16E-D072-41D5-B035-E59F384B859B}
		{E55113D1-B9C4-4247-9212-21E54E43CD71} = {579C2C05-5544-4919-BD42-37ECAF438B2C}
	EndGlobalSection
EndGlobal
